
Microsoft Visual Studio Solution File, Format Version 12.00
# Visual Studio 14
VisualStudioVersion = 14.0.25420.1
MinimumVisualStudioVersion = 10.0.40219.1
Project("{FAE04EC0-301F-11D3-BF4B-00C04F79EFBC}") = "Vhash", "Vhash\Vhash.csproj", "{B54A0A2B-FB9C-4F0D-975C-F335ACC02CC2}"
EndProject
Project("{FAE04EC0-301F-11D3-BF4B-00C04F79EFBC}") = "Vhash.BLL", "E:\VSCode\Vhash.BLL\Vhash.BLL.csproj", "{A2ECE1D1-453F-4323-81BA-AD62AAD10EE7}"
EndProject
Project("{FAE04EC0-301F-11D3-BF4B-00C04F79EFBC}") = "Vhash.DAL", "Vhash.DAL\Vhash.DAL.csproj", "{0A29C6DE-CF4E-4D7B-A075-BC0896D1476F}"
EndProject
Project("{FAE04EC0-301F-11D3-BF4B-00C04F79EFBC}") = "Vhash.Model", "E:\VSCode\Vhash.Model\Vhash.Model.csproj", "{7F82C836-DAE0-46C8-B271-F0844032B5BA}"
EndProject
Global
	GlobalSection(SolutionConfigurationPlatforms) = preSolution
		Debug|Any CPU = Debug|Any CPU
		Release|Any CPU = Release|Any CPU
	EndGlobalSection
	GlobalSection(ProjectConfigurationPlatforms) = postSolution
		{B54A0A2B-FB9C-4F0D-975C-F335ACC02CC2}.Debug|Any CPU.ActiveCfg = Debug|Any CPU
		{B54A0A2B-FB9C-4F0D-975C-F335ACC02CC2}.Debug|Any CPU.Build.0 = Debug|Any CPU
		{B54A0A2B-FB9C-4F0D-975C-F335ACC02CC2}.Release|Any CPU.ActiveCfg = Release|Any CPU
		{B54A0A2B-FB9C-4F0D-975C-F335ACC02CC2}.Release|Any CPU.Build.0 = Release|Any CPU
		{A2ECE1D1-453F-4323-81BA-AD62AAD10EE7}.Debug|Any CPU.ActiveCfg = Debug|Any CPU
		{A2ECE1D1-453F-4323-81BA-AD62AAD10EE7}.Debug|Any CPU.Build.0 = Debug|Any CPU
		{A2ECE1D1-453F-4323-81BA-AD62AAD10EE7}.Release|Any CPU.ActiveCfg = Release|Any CPU
		{A2ECE1D1-453F-4323-81BA-AD62AAD10EE7}.Release|Any CPU.Build.0 = Release|Any CPU
		{0A29C6DE-CF4E-4D7B-A075-BC0896D1476F}.Debug|Any CPU.ActiveCfg = Debug|Any CPU
		{0A29C6DE-CF4E-4D7B-A075-BC0896D1476F}.Debug|Any CPU.Build.0 = Debug|Any CPU
		{0A29C6DE-CF4E-4D7B-A075-BC0896D1476F}.Release|Any CPU.ActiveCfg = Release|Any CPU
		{0A29C6DE-CF4E-4D7B-A075-BC0896D1476F}.Release|Any CPU.Build.0 = Release|Any CPU
		{7F82C836-DAE0-46C8-B271-F0844032B5BA}.Debug|Any CPU.ActiveCfg = Debug|Any CPU
		{7F82C836-DAE0-46C8-B271-F0844032B5BA}.Debug|Any CPU.Build.0 = Debug|Any CPU
		{7F82C836-DAE0-46C8-B271-F0844032B5BA}.Release|Any CPU.ActiveCfg = Release|Any CPU
		{7F82C836-DAE0-46C8-B271-F0844032B5BA}.Release|Any CPU.Build.0 = Release|Any CPU
	EndGlobalSection
	GlobalSection(SolutionProperties) = preSolution
		HideSolutionNode = FALSE
	EndGlobalSection
EndGlobal
